
Microsoft Visual Studio Solution File, Format Version 12.00
# Visual Studio Version 16
VisualStudioVersion = 16.0.30002.166
MinimumVisualStudioVersion = 10.0.40219.1
Project("{9A19103F-16F7-4668-BE54-9A1E7A4F7556}") = "TalentExchange.Web", "TalentExchange.Web.csproj", "{0C4167E2-5EBA-4C46-9B8F-6BC10FFAC22D}"
EndProject
Project("{FAE04EC0-301F-11D3-BF4B-00C04F79EFBC}") = "TalentExchange.Data", "..\TalentExchange.Data\TalentExchange.Data.csproj", "{CA8DB55F-3631-40C8-96BD-4FB8D190DF2B}"
EndProject
Project("{FAE04EC0-301F-11D3-BF4B-00C04F79EFBC}") = "TalentExchange.Services", "..\TalentExchange.Services\TalentExchange.Services.csproj", "{3E937205-9F4E-49C9-A1A7-1BCAEB526E41}"
EndProject
Global
	GlobalSection(SolutionConfigurationPlatforms) = preSolution
		Debug|Any CPU = Debug|Any CPU
		Release|Any CPU = Release|Any CPU
	EndGlobalSection
	GlobalSection(ProjectConfigurationPlatforms) = postSolution
		{0C4167E2-5EBA-4C46-9B8F-6BC10FFAC22D}.Debug|Any CPU.ActiveCfg = Debug|Any CPU
		{0C4167E2-5EBA-4C46-9B8F-6BC10FFAC22D}.Debug|Any CPU.Build.0 = Debug|Any CPU
		{0C4167E2-5EBA-4C46-9B8F-6BC10FFAC22D}.Release|Any CPU.ActiveCfg = Release|Any CPU
		{0C4167E2-5EBA-4C46-9B8F-6BC10FFAC22D}.Release|Any CPU.Build.0 = Release|Any CPU
		{CA8DB55F-3631-40C8-96BD-4FB8D190DF2B}.Debug|Any CPU.ActiveCfg = Debug|Any CPU
		{CA8DB55F-3631-40C8-96BD-4FB8D190DF2B}.Debug|Any CPU.Build.0 = Debug|Any CPU
		{CA8DB55F-3631-40C8-96BD-4FB8D190DF2B}.Release|Any CPU.ActiveCfg = Release|Any CPU
		{CA8DB55F-3631-40C8-96BD-4FB8D190DF2B}.Release|Any CPU.Build.0 = Release|Any CPU
		{3E937205-9F4E-49C9-A1A7-1BCAEB526E41}.Debug|Any CPU.ActiveCfg = Debug|Any CPU
		{3E937205-9F4E-49C9-A1A7-1BCAEB526E41}.Debug|Any CPU.Build.0 = Debug|Any CPU
		{3E937205-9F4E-49C9-A1A7-1BCAEB526E41}.Release|Any CPU.ActiveCfg = Release|Any CPU
		{3E937205-9F4E-49C9-A1A7-1BCAEB526E41}.Release|Any CPU.Build.0 = Release|Any CPU
	EndGlobalSection
	GlobalSection(SolutionProperties) = preSolution
		HideSolutionNode = FALSE
	EndGlobalSection
	GlobalSection(ExtensibilityGlobals) = postSolution
		SolutionGuid = {02F08D67-023C-4BC8-9777-931601387120}
	EndGlobalSection
EndGlobal
